
Microsoft Visual Studio Solution File, Format Version 12.00
# Visual Studio 15
VisualStudioVersion = 15.0.27703.2035
MinimumVisualStudioVersion = 10.0.40219.1
Project("{FAE04EC0-301F-11D3-BF4B-00C04F79EFBC}") = "XF.Mapas.Android", "XF.Mapas\XF.Mapas.Android\XF.Mapas.Android.csproj", "{403D477A-492F-444A-BEA6-95CB0FE689F9}"
EndProject
Project("{FAE04EC0-301F-11D3-BF4B-00C04F79EFBC}") = "XF.Mapas.iOS", "XF.Mapas\XF.Mapas.iOS\XF.Mapas.iOS.csproj", "{940FF774-F6ED-4081-9417-C6D162B516EA}"
EndProject
Project("{FAE04EC0-301F-11D3-BF4B-00C04F79EFBC}") = "XF.Mapas", "XF.Mapas\XF.Mapas\XF.Mapas.csproj", "{2FEE3260-3F7C-4C6F-A548-2D23FA3F9A9B}"
EndProject
Global
	GlobalSection(SolutionConfigurationPlatforms) = preSolution
		Ad-Hoc|Any CPU = Ad-Hoc|Any CPU
		Ad-Hoc|iPhone = Ad-Hoc|iPhone
		Ad-Hoc|iPhoneSimulator = Ad-Hoc|iPhoneSimulator
		AppStore|Any CPU = AppStore|Any CPU
		AppStore|iPhone = AppStore|iPhone
		AppStore|iPhoneSimulator = AppStore|iPhoneSimulator
		Debug|Any CPU = Debug|Any CPU
		Debug|iPhone = Debug|iPhone
		Debug|iPhoneSimulator = Debug|iPhoneSimulator
		Release|Any CPU = Release|Any CPU
		Release|iPhone = Release|iPhone
		Release|iPhoneSimulator = Release|iPhoneSimulator
	EndGlobalSection
	GlobalSection(ProjectConfigurationPlatforms) = postSolution
		{403D477A-492F-444A-BEA6-95CB0FE689F9}.Ad-Hoc|Any CPU.ActiveCfg = Release|Any CPU
		{403D477A-492F-444A-BEA6-95CB0FE689F9}.Ad-Hoc|Any CPU.Build.0 = Release|Any CPU
		{403D477A-492F-444A-BEA6-95CB0FE689F9}.Ad-Hoc|Any CPU.Deploy.0 = Release|Any CPU
		{403D477A-492F-444A-BEA6-95CB0FE689F9}.Ad-Hoc|iPhone.ActiveCfg = Release|Any CPU
		{403D477A-492F-444A-BEA6-95CB0FE689F9}.Ad-Hoc|iPhone.Build.0 = Release|Any CPU
		{403D477A-492F-444A-BEA6-95CB0FE689F9}.Ad-Hoc|iPhone.Deploy.0 = Release|Any CPU
		{403D477A-492F-444A-BEA6-95CB0FE689F9}.Ad-Hoc|iPhoneSimulator.ActiveCfg = Release|Any CPU
		{403D477A-492F-444A-BEA6-95CB0FE689F9}.Ad-Hoc|iPhoneSimulator.Build.0 = Release|Any CPU
		{403D477A-492F-444A-BEA6-95CB0FE689F9}.Ad-Hoc|iPhoneSimulator.Deploy.0 = Release|Any CPU
		{403D477A-492F-444A-BEA6-95CB0FE689F9}.AppStore|Any CPU.ActiveCfg = Release|Any CPU
		{403D477A-492F-444A-BEA6-95CB0FE689F9}.AppStore|Any CPU.Build.0 = Release|Any CPU
		{403D477A-492F-444A-BEA6-95CB0FE689F9}.AppStore|Any CPU.Deploy.0 = Release|Any CPU
		{403D477A-492F-444A-BEA6-95CB0FE689F9}.AppStore|iPhone.ActiveCfg = Release|Any CPU
		{403D477A-492F-444A-BEA6-95CB0FE689F9}.AppStore|iPhone.Build.0 = Release|Any CPU
		{403D477A-492F-444A-BEA6-95CB0FE689F9}.AppStore|iPhone.Deploy.0 = Release|Any CPU
		{403D477A-492F-444A-BEA6-95CB0FE689F9}.AppStore|iPhoneSimulator.ActiveCfg = Release|Any CPU
		{403D477A-492F-444A-BEA6-95CB0FE689F9}.AppStore|iPhoneSimulator.Build.0 = Release|Any CPU
		{403D477A-492F-444A-BEA6-95CB0FE689F9}.AppStore|iPhoneSimulator.Deploy.0 = Release|Any CPU
		{403D477A-492F-444A-BEA6-95CB0FE689F9}.Debug|Any CPU.ActiveCfg = Debug|Any CPU
		{403D477A-492F-444A-BEA6-95CB0FE689F9}.Debug|Any CPU.Build.0 = Debug|Any CPU
		{403D477A-492F-444A-BEA6-95CB0FE689F9}.Debug|Any CPU.Deploy.0 = Debug|Any CPU
		{403D477A-492F-444A-BEA6-95CB0FE689F9}.Debug|iPhone.ActiveCfg = Debug|Any CPU
		{403D477A-492F-444A-BEA6-95CB0FE689F9}.Debug|iPhone.Build.0 = Debug|Any CPU
		{403D477A-492F-444A-BEA6-95CB0FE689F9}.Debug|iPhone.Deploy.0 = Debug|Any CPU
		{403D477A-492F-444A-BEA6-95CB0FE689F9}.Debug|iPhoneSimulator.ActiveCfg = Debug|Any CPU
		{403D477A-492F-444A-BEA6-95CB0FE689F9}.Debug|iPhoneSimulator.Build.0 = Debug|Any CPU
		{403D477A-492F-444A-BEA6-95CB0FE689F9}.Debug|iPhoneSimulator.Deploy.0 = Debug|Any CPU
		{403D477A-492F-444A-BEA6-95CB0FE689F9}.Release|Any CPU.ActiveCfg = Release|Any CPU
		{403D477A-492F-444A-BEA6-95CB0FE689F9}.Release|Any CPU.Build.0 = Release|Any CPU
		{403D477A-492F-444A-BEA6-95CB0FE689F9}.Release|Any CPU.Deploy.0 = Release|Any CPU
		{403D477A-492F-444A-BEA6-95CB0FE689F9}.Release|iPhone.ActiveCfg = Release|Any CPU
		{403D477A-492F-444A-BEA6-95CB0FE689F9}.Release|iPhone.Build.0 = Release|Any CPU
		{403D477A-492F-444A-BEA6-95CB0FE689F9}.Release|iPhone.Deploy.0 = Release|Any CPU
		{403D477A-492F-444A-BEA6-95CB0FE689F9}.Release|iPhoneSimulator.ActiveCfg = Release|Any CPU
		{403D477A-492F-444A-BEA6-95CB0FE689F9}.Release|iPhoneSimulator.Build.0 = Release|Any CPU
		{403D477A-492F-444A-BEA6-95CB0FE689F9}.Release|iPhoneSimulator.Deploy.0 = Release|Any CPU
		{940FF774-F6ED-4081-9417-C6D162B516EA}.Ad-Hoc|Any CPU.ActiveCfg = Ad-Hoc|iPhone
		{940FF774-F6ED-4081-9417-C6D162B516EA}.Ad-Hoc|Any CPU.Build.0 = Ad-Hoc|iPhone
		{940FF774-F6ED-4081-9417-C6D162B516EA}.Ad-Hoc|Any CPU.Deploy.0 = Ad-Hoc|iPhone
		{940FF774-F6ED-4081-9417-C6D162B516EA}.Ad-Hoc|iPhone.ActiveCfg = Ad-Hoc|iPhone
		{940FF774-F6ED-4081-9417-C6D162B516EA}.Ad-Hoc|iPhone.Build.0 = Ad-Hoc|iPhone
		{940FF774-F6ED-4081-9417-C6D162B516EA}.Ad-Hoc|iPhone.Deploy.0 = Ad-Hoc|iPhone
		{940FF774-F6ED-4081-9417-C6D162B516EA}.Ad-Hoc|iPhoneSimulator.ActiveCfg = Ad-Hoc|iPhoneSimulator
		{940FF774-F6ED-4081-9417-C6D162B516EA}.Ad-Hoc|iPhoneSimulator.Build.0 = Ad-Hoc|iPhoneSimulator
		{940FF774-F6ED-4081-9417-C6D162B516EA}.Ad-Hoc|iPhoneSimulator.Deploy.0 = Ad-Hoc|iPhoneSimulator
		{940FF774-F6ED-4081-9417-C6D162B516EA}.AppStore|Any CPU.ActiveCfg = AppStore|iPhone
		{940FF774-F6ED-4081-9417-C6D162B516EA}.AppStore|Any CPU.Build.0 = AppStore|iPhone
		{940FF774-F6ED-4081-9417-C6D162B516EA}.AppStore|Any CPU.Deploy.0 = AppStore|iPhone
		{940FF774-F6ED-4081-9417-C6D162B516EA}.AppStore|iPhone.ActiveCfg = AppStore|iPhone
		{940FF774-F6ED-4081-9417-C6D162B516EA}.AppStore|iPhone.Build.0 = AppStore|iPhone
		{940FF774-F6ED-4081-9417-C6D162B516EA}.AppStore|iPhone.Deploy.0 = AppStore|iPhone
		{940FF774-F6ED-4081-9417-C6D162B516EA}.AppStore|iPhoneSimulator.ActiveCfg = AppStore|iPhoneSimulator
		{940FF774-F6ED-4081-9417-C6D162B516EA}.AppStore|iPhoneSimulator.Build.0 = AppStore|iPhoneSimulator
		{940FF774-F6ED-4081-9417-C6D162B516EA}.AppStore|iPhoneSimulator.Deploy.0 = AppStore|iPhoneSimulator
		{940FF774-F6ED-4081-9417-C6D162B516EA}.Debug|Any CPU.ActiveCfg = Debug|iPhoneSimulator
		{940FF774-F6ED-4081-9417-C6D162B516EA}.Debug|Any CPU.Build.0 = Debug|iPhoneSimulator
		{940FF774-F6ED-4081-9417-C6D162B516EA}.Debug|Any CPU.Deploy.0 = Debug|iPhoneSimulator
		{940FF774-F6ED-4081-9417-C6D162B516EA}.Debug|iPhone.ActiveCfg = Debug|iPhone
		{940FF774-F6ED-4081-9417-C6D162B516EA}.Debug|iPhone.Build.0 = Debug|iPhone
		{940FF774-F6ED-4081-9417-C6D162B516EA}.Debug|iPhone.Deploy.0 = Debug|iPhone
		{940FF774-F6ED-4081-9417-C6D162B516EA}.Debug|iPhoneSimulator.ActiveCfg = Debug|iPhoneSimulator
		{940FF774-F6ED-4081-9417-C6D162B516EA}.Debug|iPhoneSimulator.Build.0 = Debug|iPhoneSimulator
		{940FF774-F6ED-4081-9417-C6D162B516EA}.Debug|iPhoneSimulator.Deploy.0 = Debug|iPhoneSimulator
		{940FF774-F6ED-4081-9417-C6D162B516EA}.Release|Any CPU.ActiveCfg = Release|iPhone
		{940FF774-F6ED-4081-9417-C6D162B516EA}.Release|Any CPU.Build.0 = Release|iPhone
		{940FF774-F6ED-4081-9417-C6D162B516EA}.Release|Any CPU.Deploy.0 = Release|iPhone
		{940FF774-F6ED-4081-9417-C6D162B516EA}.Release|iPhone.ActiveCfg = Release|iPhone
		{940FF774-F6ED-4081-9417-C6D162B516EA}.Release|iPhone.Build.0 = Release|iPhone
		{940FF774-F6ED-4081-9417-C6D162B516EA}.Release|iPhone.Deploy.0 = Release|iPhone
		{940FF774-F6ED-4081-9417-C6D162B516EA}.Release|iPhoneSimulator.ActiveCfg = Release|iPhoneSimulator
		{940FF774-F6ED-4081-9417-C6D162B516EA}.Release|iPhoneSimulator.Build.0 = Release|iPhoneSimulator
		{940FF774-F6ED-4081-9417-C6D162B516EA}.Release|iPhoneSimulator.Deploy.0 = Release|iPhoneSimulator
		{2FEE3260-3F7C-4C6F-A548-2D23FA3F9A9B}.Ad-Hoc|Any CPU.ActiveCfg = Debug|Any CPU
		{2FEE3260-3F7C-4C6F-A548-2D23FA3F9A9B}.Ad-Hoc|Any CPU.Build.0 = Debug|Any CPU
		{2FEE3260-3F7C-4C6F-A548-2D23FA3F9A9B}.Ad-Hoc|Any CPU.Deploy.0 = Debug|Any CPU
		{2FEE3260-3F7C-4C6F-A548-2D23FA3F9A9B}.Ad-Hoc|iPhone.ActiveCfg = Debug|Any CPU
		{2FEE3260-3F7C-4C6F-A548-2D23FA3F9A9B}.Ad-Hoc|iPhone.Build.0 = Debug|Any CPU
		{2FEE3260-3F7C-4C6F-A548-2D23FA3F9A9B}.Ad-Hoc|iPhone.Deploy.0 = Debug|Any CPU
		{2FEE3260-3F7C-4C6F-A548-2D23FA3F9A9B}.Ad-Hoc|iPhoneSimulator.ActiveCfg = Debug|Any CPU
		{2FEE3260-3F7C-4C6F-A548-2D23FA3F9A9B}.Ad-Hoc|iPhoneSimulator.Build.0 = Debug|Any CPU
		{2FEE3260-3F7C-4C6F-A548-2D23FA3F9A9B}.Ad-Hoc|iPhoneSimulator.Deploy.0 = Debug|Any CPU
		{2FEE3260-3F7C-4C6F-A548-2D23FA3F9A9B}.AppStore|Any CPU.ActiveCfg = Debug|Any CPU
		{2FEE3260-3F7C-4C6F-A548-2D23FA3F9A9B}.AppStore|Any CPU.Build.0 = Debug|Any CPU
		{2FEE3260-3F7C-4C6F-A548-2D23FA3F9A9B}.AppStore|Any CPU.Deploy.0 = Debug|Any CPU
		{2FEE3260-3F7C-4C6F-A548-2D23FA3F9A9B}.AppStore|iPhone.ActiveCfg = Debug|Any CPU
		{2FEE3260-3F7C-4C6F-A548-2D23FA3F9A9B}.AppStore|iPhone.Build.0 = Debug|Any CPU
		{2FEE3260-3F7C-4C6F-A548-2D23FA3F9A9B}.AppStore|iPhone.Deploy.0 = Debug|Any CPU
		{2FEE3260-3F7C-4C6F-A548-2D23FA3F9A9B}.AppStore|iPhoneSimulator.ActiveCfg = Debug|Any CPU
		{2FEE3260-3F7C-4C6F-A548-2D23FA3F9A9B}.AppStore|iPhoneSimulator.Build.0 = Debug|Any CPU
		{2FEE3260-3F7C-4C6F-A548-2D23FA3F9A9B}.AppStore|iPhoneSimulator.Deploy.0 = Debug|Any CPU
		{2FEE3260-3F7C-4C6F-A548-2D23FA3F9A9B}.Debug|Any CPU.ActiveCfg = Debug|Any CPU
		{2FEE3260-3F7C-4C6F-A548-2D23FA3F9A9B}.Debug|Any CPU.Build.0 = Debug|Any CPU
		{2FEE3260-3F7C-4C6F-A548-2D23FA3F9A9B}.Debug|Any CPU.Deploy.0 = Debug|Any CPU
		{2FEE3260-3F7C-4C6F-A548-2D23FA3F9A9B}.Debug|iPhone.ActiveCfg = Debug|Any CPU
		{2FEE3260-3F7C-4C6F-A548-2D23FA3F9A9B}.Debug|iPhone.Build.0 = Debug|Any CPU
		{2FEE3260-3F7C-4C6F-A548-2D23FA3F9A9B}.Debug|iPhone.Deploy.0 = Debug|Any CPU
		{2FEE3260-3F7C-4C6F-A548-2D23FA3F9A9B}.Debug|iPhoneSimulator.ActiveCfg = Debug|Any CPU
		{2FEE3260-3F7C-4C6F-A548-2D23FA3F9A9B}.Debug|iPhoneSimulator.Build.0 = Debug|Any CPU
		{2FEE3260-3F7C-4C6F-A548-2D23FA3F9A9B}.Debug|iPhoneSimulator.Deploy.0 = Debug|Any CPU
		{2FEE3260-3F7C-4C6F-A548-2D23FA3F9A9B}.Release|Any CPU.ActiveCfg = Release|Any CPU
		{2FEE3260-3F7C-4C6F-A548-2D23FA3F9A9B}.Release|Any CPU.Build.0 = Release|Any CPU
		{2FEE3260-3F7C-4C6F-A548-2D23FA3F9A9B}.Release|Any CPU.Deploy.0 = Release|Any CPU
		{2FEE3260-3F7C-4C6F-A548-2D23FA3F9A9B}.Release|iPhone.ActiveCfg = Release|Any CPU
		{2FEE3260-3F7C-4C6F-A548-2D23FA3F9A9B}.Release|iPhone.Build.0 = Release|Any CPU
		{2FEE3260-3F7C-4C6F-A548-2D23FA3F9A9B}.Release|iPhone.Deploy.0 = Release|Any CPU
		{2FEE3260-3F7C-4C6F-A548-2D23FA3F9A9B}.Release|iPhoneSimulator.ActiveCfg = Release|Any CPU
		{2FEE3260-3F7C-4C6F-A548-2D23FA3F9A9B}.Release|iPhoneSimulator.Build.0 = Release|Any CPU
		{2FEE3260-3F7C-4C6F-A548-2D23FA3F9A9B}.Release|iPhoneSimulator.Deploy.0 = Release|Any CPU
	EndGlobalSection
	GlobalSection(SolutionProperties) = preSolution
		HideSolutionNode = FALSE
	EndGlobalSection
	GlobalSection(ExtensibilityGlobals) = postSolution
		SolutionGuid = {B83E6016-140B-4F4F-A77D-74D4BE707252}
	EndGlobalSection
EndGlobal
