
Microsoft Visual Studio Solution File, Format Version 12.00
# Visual Studio 15
VisualStudioVersion = 15.0.28010.2036
MinimumVisualStudioVersion = 10.0.40219.1
Project("{FAE04EC0-301F-11D3-BF4B-00C04F79EFBC}") = "XF.EssentialAPI.Android", "XF.EssentialAPI\XF.EssentialAPI.Android\XF.EssentialAPI.Android.csproj", "{D5F03C38-33D6-4ABA-800F-5B23FA9B416B}"
EndProject
Project("{FAE04EC0-301F-11D3-BF4B-00C04F79EFBC}") = "XF.EssentialAPI.iOS", "XF.EssentialAPI\XF.EssentialAPI.iOS\XF.EssentialAPI.iOS.csproj", "{85D92D9B-AA15-492D-BF56-FA23BE973745}"
EndProject
Project("{FAE04EC0-301F-11D3-BF4B-00C04F79EFBC}") = "XF.EssentialAPI", "XF.EssentialAPI\XF.EssentialAPI\XF.EssentialAPI.csproj", "{AB404104-F81B-42C5-A7AC-135E615BEA0B}"
EndProject
Global
	GlobalSection(SolutionConfigurationPlatforms) = preSolution
		Ad-Hoc|Any CPU = Ad-Hoc|Any CPU
		Ad-Hoc|iPhone = Ad-Hoc|iPhone
		Ad-Hoc|iPhoneSimulator = Ad-Hoc|iPhoneSimulator
		AppStore|Any CPU = AppStore|Any CPU
		AppStore|iPhone = AppStore|iPhone
		AppStore|iPhoneSimulator = AppStore|iPhoneSimulator
		Debug|Any CPU = Debug|Any CPU
		Debug|iPhone = Debug|iPhone
		Debug|iPhoneSimulator = Debug|iPhoneSimulator
		Release|Any CPU = Release|Any CPU
		Release|iPhone = Release|iPhone
		Release|iPhoneSimulator = Release|iPhoneSimulator
	EndGlobalSection
	GlobalSection(ProjectConfigurationPlatforms) = postSolution
		{D5F03C38-33D6-4ABA-800F-5B23FA9B416B}.Ad-Hoc|Any CPU.ActiveCfg = Release|Any CPU
		{D5F03C38-33D6-4ABA-800F-5B23FA9B416B}.Ad-Hoc|Any CPU.Build.0 = Release|Any CPU
		{D5F03C38-33D6-4ABA-800F-5B23FA9B416B}.Ad-Hoc|Any CPU.Deploy.0 = Release|Any CPU
		{D5F03C38-33D6-4ABA-800F-5B23FA9B416B}.Ad-Hoc|iPhone.ActiveCfg = Release|Any CPU
		{D5F03C38-33D6-4ABA-800F-5B23FA9B416B}.Ad-Hoc|iPhone.Build.0 = Release|Any CPU
		{D5F03C38-33D6-4ABA-800F-5B23FA9B416B}.Ad-Hoc|iPhone.Deploy.0 = Release|Any CPU
		{D5F03C38-33D6-4ABA-800F-5B23FA9B416B}.Ad-Hoc|iPhoneSimulator.ActiveCfg = Release|Any CPU
		{D5F03C38-33D6-4ABA-800F-5B23FA9B416B}.Ad-Hoc|iPhoneSimulator.Build.0 = Release|Any CPU
		{D5F03C38-33D6-4ABA-800F-5B23FA9B416B}.Ad-Hoc|iPhoneSimulator.Deploy.0 = Release|Any CPU
		{D5F03C38-33D6-4ABA-800F-5B23FA9B416B}.AppStore|Any CPU.ActiveCfg = Release|Any CPU
		{D5F03C38-33D6-4ABA-800F-5B23FA9B416B}.AppStore|Any CPU.Build.0 = Release|Any CPU
		{D5F03C38-33D6-4ABA-800F-5B23FA9B416B}.AppStore|Any CPU.Deploy.0 = Release|Any CPU
		{D5F03C38-33D6-4ABA-800F-5B23FA9B416B}.AppStore|iPhone.ActiveCfg = Release|Any CPU
		{D5F03C38-33D6-4ABA-800F-5B23FA9B416B}.AppStore|iPhone.Build.0 = Release|Any CPU
		{D5F03C38-33D6-4ABA-800F-5B23FA9B416B}.AppStore|iPhone.Deploy.0 = Release|Any CPU
		{D5F03C38-33D6-4ABA-800F-5B23FA9B416B}.AppStore|iPhoneSimulator.ActiveCfg = Release|Any CPU
		{D5F03C38-33D6-4ABA-800F-5B23FA9B416B}.AppStore|iPhoneSimulator.Build.0 = Release|Any CPU
		{D5F03C38-33D6-4ABA-800F-5B23FA9B416B}.AppStore|iPhoneSimulator.Deploy.0 = Release|Any CPU
		{D5F03C38-33D6-4ABA-800F-5B23FA9B416B}.Debug|Any CPU.ActiveCfg = Debug|Any CPU
		{D5F03C38-33D6-4ABA-800F-5B23FA9B416B}.Debug|Any CPU.Build.0 = Debug|Any CPU
		{D5F03C38-33D6-4ABA-800F-5B23FA9B416B}.Debug|Any CPU.Deploy.0 = Debug|Any CPU
		{D5F03C38-33D6-4ABA-800F-5B23FA9B416B}.Debug|iPhone.ActiveCfg = Debug|Any CPU
		{D5F03C38-33D6-4ABA-800F-5B23FA9B416B}.Debug|iPhone.Build.0 = Debug|Any CPU
		{D5F03C38-33D6-4ABA-800F-5B23FA9B416B}.Debug|iPhone.Deploy.0 = Debug|Any CPU
		{D5F03C38-33D6-4ABA-800F-5B23FA9B416B}.Debug|iPhoneSimulator.ActiveCfg = Debug|Any CPU
		{D5F03C38-33D6-4ABA-800F-5B23FA9B416B}.Debug|iPhoneSimulator.Build.0 = Debug|Any CPU
		{D5F03C38-33D6-4ABA-800F-5B23FA9B416B}.Debug|iPhoneSimulator.Deploy.0 = Debug|Any CPU
		{D5F03C38-33D6-4ABA-800F-5B23FA9B416B}.Release|Any CPU.ActiveCfg = Release|Any CPU
		{D5F03C38-33D6-4ABA-800F-5B23FA9B416B}.Release|Any CPU.Build.0 = Release|Any CPU
		{D5F03C38-33D6-4ABA-800F-5B23FA9B416B}.Release|Any CPU.Deploy.0 = Release|Any CPU
		{D5F03C38-33D6-4ABA-800F-5B23FA9B416B}.Release|iPhone.ActiveCfg = Release|Any CPU
		{D5F03C38-33D6-4ABA-800F-5B23FA9B416B}.Release|iPhone.Build.0 = Release|Any CPU
		{D5F03C38-33D6-4ABA-800F-5B23FA9B416B}.Release|iPhone.Deploy.0 = Release|Any CPU
		{D5F03C38-33D6-4ABA-800F-5B23FA9B416B}.Release|iPhoneSimulator.ActiveCfg = Release|Any CPU
		{D5F03C38-33D6-4ABA-800F-5B23FA9B416B}.Release|iPhoneSimulator.Build.0 = Release|Any CPU
		{D5F03C38-33D6-4ABA-800F-5B23FA9B416B}.Release|iPhoneSimulator.Deploy.0 = Release|Any CPU
		{85D92D9B-AA15-492D-BF56-FA23BE973745}.Ad-Hoc|Any CPU.ActiveCfg = Ad-Hoc|iPhone
		{85D92D9B-AA15-492D-BF56-FA23BE973745}.Ad-Hoc|Any CPU.Build.0 = Ad-Hoc|iPhone
		{85D92D9B-AA15-492D-BF56-FA23BE973745}.Ad-Hoc|Any CPU.Deploy.0 = Ad-Hoc|iPhone
		{85D92D9B-AA15-492D-BF56-FA23BE973745}.Ad-Hoc|iPhone.ActiveCfg = Ad-Hoc|iPhone
		{85D92D9B-AA15-492D-BF56-FA23BE973745}.Ad-Hoc|iPhone.Build.0 = Ad-Hoc|iPhone
		{85D92D9B-AA15-492D-BF56-FA23BE973745}.Ad-Hoc|iPhone.Deploy.0 = Ad-Hoc|iPhone
		{85D92D9B-AA15-492D-BF56-FA23BE973745}.Ad-Hoc|iPhoneSimulator.ActiveCfg = Ad-Hoc|iPhoneSimulator
		{85D92D9B-AA15-492D-BF56-FA23BE973745}.Ad-Hoc|iPhoneSimulator.Build.0 = Ad-Hoc|iPhoneSimulator
		{85D92D9B-AA15-492D-BF56-FA23BE973745}.Ad-Hoc|iPhoneSimulator.Deploy.0 = Ad-Hoc|iPhoneSimulator
		{85D92D9B-AA15-492D-BF56-FA23BE973745}.AppStore|Any CPU.ActiveCfg = AppStore|iPhone
		{85D92D9B-AA15-492D-BF56-FA23BE973745}.AppStore|Any CPU.Build.0 = AppStore|iPhone
		{85D92D9B-AA15-492D-BF56-FA23BE973745}.AppStore|Any CPU.Deploy.0 = AppStore|iPhone
		{85D92D9B-AA15-492D-BF56-FA23BE973745}.AppStore|iPhone.ActiveCfg = AppStore|iPhone
		{85D92D9B-AA15-492D-BF56-FA23BE973745}.AppStore|iPhone.Build.0 = AppStore|iPhone
		{85D92D9B-AA15-492D-BF56-FA23BE973745}.AppStore|iPhone.Deploy.0 = AppStore|iPhone
		{85D92D9B-AA15-492D-BF56-FA23BE973745}.AppStore|iPhoneSimulator.ActiveCfg = AppStore|iPhoneSimulator
		{85D92D9B-AA15-492D-BF56-FA23BE973745}.AppStore|iPhoneSimulator.Build.0 = AppStore|iPhoneSimulator
		{85D92D9B-AA15-492D-BF56-FA23BE973745}.AppStore|iPhoneSimulator.Deploy.0 = AppStore|iPhoneSimulator
		{85D92D9B-AA15-492D-BF56-FA23BE973745}.Debug|Any CPU.ActiveCfg = Debug|iPhoneSimulator
		{85D92D9B-AA15-492D-BF56-FA23BE973745}.Debug|Any CPU.Build.0 = Debug|iPhoneSimulator
		{85D92D9B-AA15-492D-BF56-FA23BE973745}.Debug|Any CPU.Deploy.0 = Debug|iPhoneSimulator
		{85D92D9B-AA15-492D-BF56-FA23BE973745}.Debug|iPhone.ActiveCfg = Debug|iPhone
		{85D92D9B-AA15-492D-BF56-FA23BE973745}.Debug|iPhone.Build.0 = Debug|iPhone
		{85D92D9B-AA15-492D-BF56-FA23BE973745}.Debug|iPhone.Deploy.0 = Debug|iPhone
		{85D92D9B-AA15-492D-BF56-FA23BE973745}.Debug|iPhoneSimulator.ActiveCfg = Debug|iPhoneSimulator
		{85D92D9B-AA15-492D-BF56-FA23BE973745}.Debug|iPhoneSimulator.Build.0 = Debug|iPhoneSimulator
		{85D92D9B-AA15-492D-BF56-FA23BE973745}.Debug|iPhoneSimulator.Deploy.0 = Debug|iPhoneSimulator
		{85D92D9B-AA15-492D-BF56-FA23BE973745}.Release|Any CPU.ActiveCfg = Release|iPhone
		{85D92D9B-AA15-492D-BF56-FA23BE973745}.Release|Any CPU.Build.0 = Release|iPhone
		{85D92D9B-AA15-492D-BF56-FA23BE973745}.Release|Any CPU.Deploy.0 = Release|iPhone
		{85D92D9B-AA15-492D-BF56-FA23BE973745}.Release|iPhone.ActiveCfg = Release|iPhone
		{85D92D9B-AA15-492D-BF56-FA23BE973745}.Release|iPhone.Build.0 = Release|iPhone
		{85D92D9B-AA15-492D-BF56-FA23BE973745}.Release|iPhone.Deploy.0 = Release|iPhone
		{85D92D9B-AA15-492D-BF56-FA23BE973745}.Release|iPhoneSimulator.ActiveCfg = Release|iPhoneSimulator
		{85D92D9B-AA15-492D-BF56-FA23BE973745}.Release|iPhoneSimulator.Build.0 = Release|iPhoneSimulator
		{85D92D9B-AA15-492D-BF56-FA23BE973745}.Release|iPhoneSimulator.Deploy.0 = Release|iPhoneSimulator
		{AB404104-F81B-42C5-A7AC-135E615BEA0B}.Ad-Hoc|Any CPU.ActiveCfg = Debug|Any CPU
		{AB404104-F81B-42C5-A7AC-135E615BEA0B}.Ad-Hoc|Any CPU.Build.0 = Debug|Any CPU
		{AB404104-F81B-42C5-A7AC-135E615BEA0B}.Ad-Hoc|Any CPU.Deploy.0 = Debug|Any CPU
		{AB404104-F81B-42C5-A7AC-135E615BEA0B}.Ad-Hoc|iPhone.ActiveCfg = Debug|Any CPU
		{AB404104-F81B-42C5-A7AC-135E615BEA0B}.Ad-Hoc|iPhone.Build.0 = Debug|Any CPU
		{AB404104-F81B-42C5-A7AC-135E615BEA0B}.Ad-Hoc|iPhone.Deploy.0 = Debug|Any CPU
		{AB404104-F81B-42C5-A7AC-135E615BEA0B}.Ad-Hoc|iPhoneSimulator.ActiveCfg = Debug|Any CPU
		{AB404104-F81B-42C5-A7AC-135E615BEA0B}.Ad-Hoc|iPhoneSimulator.Build.0 = Debug|Any CPU
		{AB404104-F81B-42C5-A7AC-135E615BEA0B}.Ad-Hoc|iPhoneSimulator.Deploy.0 = Debug|Any CPU
		{AB404104-F81B-42C5-A7AC-135E615BEA0B}.AppStore|Any CPU.ActiveCfg = Debug|Any CPU
		{AB404104-F81B-42C5-A7AC-135E615BEA0B}.AppStore|Any CPU.Build.0 = Debug|Any CPU
		{AB404104-F81B-42C5-A7AC-135E615BEA0B}.AppStore|Any CPU.Deploy.0 = Debug|Any CPU
		{AB404104-F81B-42C5-A7AC-135E615BEA0B}.AppStore|iPhone.ActiveCfg = Debug|Any CPU
		{AB404104-F81B-42C5-A7AC-135E615BEA0B}.AppStore|iPhone.Build.0 = Debug|Any CPU
		{AB404104-F81B-42C5-A7AC-135E615BEA0B}.AppStore|iPhone.Deploy.0 = Debug|Any CPU
		{AB404104-F81B-42C5-A7AC-135E615BEA0B}.AppStore|iPhoneSimulator.ActiveCfg = Debug|Any CPU
		{AB404104-F81B-42C5-A7AC-135E615BEA0B}.AppStore|iPhoneSimulator.Build.0 = Debug|Any CPU
		{AB404104-F81B-42C5-A7AC-135E615BEA0B}.AppStore|iPhoneSimulator.Deploy.0 = Debug|Any CPU
		{AB404104-F81B-42C5-A7AC-135E615BEA0B}.Debug|Any CPU.ActiveCfg = Debug|Any CPU
		{AB404104-F81B-42C5-A7AC-135E615BEA0B}.Debug|Any CPU.Build.0 = Debug|Any CPU
		{AB404104-F81B-42C5-A7AC-135E615BEA0B}.Debug|Any CPU.Deploy.0 = Debug|Any CPU
		{AB404104-F81B-42C5-A7AC-135E615BEA0B}.Debug|iPhone.ActiveCfg = Debug|Any CPU
		{AB404104-F81B-42C5-A7AC-135E615BEA0B}.Debug|iPhone.Build.0 = Debug|Any CPU
		{AB404104-F81B-42C5-A7AC-135E615BEA0B}.Debug|iPhone.Deploy.0 = Debug|Any CPU
		{AB404104-F81B-42C5-A7AC-135E615BEA0B}.Debug|iPhoneSimulator.ActiveCfg = Debug|Any CPU
		{AB404104-F81B-42C5-A7AC-135E615BEA0B}.Debug|iPhoneSimulator.Build.0 = Debug|Any CPU
		{AB404104-F81B-42C5-A7AC-135E615BEA0B}.Debug|iPhoneSimulator.Deploy.0 = Debug|Any CPU
		{AB404104-F81B-42C5-A7AC-135E615BEA0B}.Release|Any CPU.ActiveCfg = Release|Any CPU
		{AB404104-F81B-42C5-A7AC-135E615BEA0B}.Release|Any CPU.Build.0 = Release|Any CPU
		{AB404104-F81B-42C5-A7AC-135E615BEA0B}.Release|Any CPU.Deploy.0 = Release|Any CPU
		{AB404104-F81B-42C5-A7AC-135E615BEA0B}.Release|iPhone.ActiveCfg = Release|Any CPU
		{AB404104-F81B-42C5-A7AC-135E615BEA0B}.Release|iPhone.Build.0 = Release|Any CPU
		{AB404104-F81B-42C5-A7AC-135E615BEA0B}.Release|iPhone.Deploy.0 = Release|Any CPU
		{AB404104-F81B-42C5-A7AC-135E615BEA0B}.Release|iPhoneSimulator.ActiveCfg = Release|Any CPU
		{AB404104-F81B-42C5-A7AC-135E615BEA0B}.Release|iPhoneSimulator.Build.0 = Release|Any CPU
		{AB404104-F81B-42C5-A7AC-135E615BEA0B}.Release|iPhoneSimulator.Deploy.0 = Release|Any CPU
	EndGlobalSection
	GlobalSection(SolutionProperties) = preSolution
		HideSolutionNode = FALSE
	EndGlobalSection
	GlobalSection(ExtensibilityGlobals) = postSolution
		SolutionGuid = {DA0E511A-3529-4BBA-A71D-3293107D4D36}
	EndGlobalSection
EndGlobal
