
Microsoft Visual Studio Solution File, Format Version 12.00
# Visual Studio 15
VisualStudioVersion = 15.0.27703.2035
MinimumVisualStudioVersion = 10.0.40219.1
Project("{FAE04EC0-301F-11D3-BF4B-00C04F79EFBC}") = "XF.Hello.Android", "XF.Hello\XF.Hello.Android\XF.Hello.Android.csproj", "{4AC79AE2-5F12-415F-8CF7-EFB315A0BD8E}"
EndProject
Project("{FAE04EC0-301F-11D3-BF4B-00C04F79EFBC}") = "XF.Hello.iOS", "XF.Hello\XF.Hello.iOS\XF.Hello.iOS.csproj", "{B7BC22DD-653A-42AE-9B6B-E9A599E640D8}"
EndProject
Project("{FAE04EC0-301F-11D3-BF4B-00C04F79EFBC}") = "XF.Hello", "XF.Hello\XF.Hello\XF.Hello.csproj", "{C1B7E669-591C-4F28-897D-12D67EAD8B64}"
EndProject
Global
	GlobalSection(SolutionConfigurationPlatforms) = preSolution
		Ad-Hoc|Any CPU = Ad-Hoc|Any CPU
		Ad-Hoc|iPhone = Ad-Hoc|iPhone
		Ad-Hoc|iPhoneSimulator = Ad-Hoc|iPhoneSimulator
		AppStore|Any CPU = AppStore|Any CPU
		AppStore|iPhone = AppStore|iPhone
		AppStore|iPhoneSimulator = AppStore|iPhoneSimulator
		Debug|Any CPU = Debug|Any CPU
		Debug|iPhone = Debug|iPhone
		Debug|iPhoneSimulator = Debug|iPhoneSimulator
		Release|Any CPU = Release|Any CPU
		Release|iPhone = Release|iPhone
		Release|iPhoneSimulator = Release|iPhoneSimulator
	EndGlobalSection
	GlobalSection(ProjectConfigurationPlatforms) = postSolution
		{4AC79AE2-5F12-415F-8CF7-EFB315A0BD8E}.Ad-Hoc|Any CPU.ActiveCfg = Release|Any CPU
		{4AC79AE2-5F12-415F-8CF7-EFB315A0BD8E}.Ad-Hoc|Any CPU.Build.0 = Release|Any CPU
		{4AC79AE2-5F12-415F-8CF7-EFB315A0BD8E}.Ad-Hoc|Any CPU.Deploy.0 = Release|Any CPU
		{4AC79AE2-5F12-415F-8CF7-EFB315A0BD8E}.Ad-Hoc|iPhone.ActiveCfg = Release|Any CPU
		{4AC79AE2-5F12-415F-8CF7-EFB315A0BD8E}.Ad-Hoc|iPhone.Build.0 = Release|Any CPU
		{4AC79AE2-5F12-415F-8CF7-EFB315A0BD8E}.Ad-Hoc|iPhone.Deploy.0 = Release|Any CPU
		{4AC79AE2-5F12-415F-8CF7-EFB315A0BD8E}.Ad-Hoc|iPhoneSimulator.ActiveCfg = Release|Any CPU
		{4AC79AE2-5F12-415F-8CF7-EFB315A0BD8E}.Ad-Hoc|iPhoneSimulator.Build.0 = Release|Any CPU
		{4AC79AE2-5F12-415F-8CF7-EFB315A0BD8E}.Ad-Hoc|iPhoneSimulator.Deploy.0 = Release|Any CPU
		{4AC79AE2-5F12-415F-8CF7-EFB315A0BD8E}.AppStore|Any CPU.ActiveCfg = Release|Any CPU
		{4AC79AE2-5F12-415F-8CF7-EFB315A0BD8E}.AppStore|Any CPU.Build.0 = Release|Any CPU
		{4AC79AE2-5F12-415F-8CF7-EFB315A0BD8E}.AppStore|Any CPU.Deploy.0 = Release|Any CPU
		{4AC79AE2-5F12-415F-8CF7-EFB315A0BD8E}.AppStore|iPhone.ActiveCfg = Release|Any CPU
		{4AC79AE2-5F12-415F-8CF7-EFB315A0BD8E}.AppStore|iPhone.Build.0 = Release|Any CPU
		{4AC79AE2-5F12-415F-8CF7-EFB315A0BD8E}.AppStore|iPhone.Deploy.0 = Release|Any CPU
		{4AC79AE2-5F12-415F-8CF7-EFB315A0BD8E}.AppStore|iPhoneSimulator.ActiveCfg = Release|Any CPU
		{4AC79AE2-5F12-415F-8CF7-EFB315A0BD8E}.AppStore|iPhoneSimulator.Build.0 = Release|Any CPU
		{4AC79AE2-5F12-415F-8CF7-EFB315A0BD8E}.AppStore|iPhoneSimulator.Deploy.0 = Release|Any CPU
		{4AC79AE2-5F12-415F-8CF7-EFB315A0BD8E}.Debug|Any CPU.ActiveCfg = Debug|Any CPU
		{4AC79AE2-5F12-415F-8CF7-EFB315A0BD8E}.Debug|Any CPU.Build.0 = Debug|Any CPU
		{4AC79AE2-5F12-415F-8CF7-EFB315A0BD8E}.Debug|Any CPU.Deploy.0 = Debug|Any CPU
		{4AC79AE2-5F12-415F-8CF7-EFB315A0BD8E}.Debug|iPhone.ActiveCfg = Debug|Any CPU
		{4AC79AE2-5F12-415F-8CF7-EFB315A0BD8E}.Debug|iPhone.Build.0 = Debug|Any CPU
		{4AC79AE2-5F12-415F-8CF7-EFB315A0BD8E}.Debug|iPhone.Deploy.0 = Debug|Any CPU
		{4AC79AE2-5F12-415F-8CF7-EFB315A0BD8E}.Debug|iPhoneSimulator.ActiveCfg = Debug|Any CPU
		{4AC79AE2-5F12-415F-8CF7-EFB315A0BD8E}.Debug|iPhoneSimulator.Build.0 = Debug|Any CPU
		{4AC79AE2-5F12-415F-8CF7-EFB315A0BD8E}.Debug|iPhoneSimulator.Deploy.0 = Debug|Any CPU
		{4AC79AE2-5F12-415F-8CF7-EFB315A0BD8E}.Release|Any CPU.ActiveCfg = Release|Any CPU
		{4AC79AE2-5F12-415F-8CF7-EFB315A0BD8E}.Release|Any CPU.Build.0 = Release|Any CPU
		{4AC79AE2-5F12-415F-8CF7-EFB315A0BD8E}.Release|Any CPU.Deploy.0 = Release|Any CPU
		{4AC79AE2-5F12-415F-8CF7-EFB315A0BD8E}.Release|iPhone.ActiveCfg = Release|Any CPU
		{4AC79AE2-5F12-415F-8CF7-EFB315A0BD8E}.Release|iPhone.Build.0 = Release|Any CPU
		{4AC79AE2-5F12-415F-8CF7-EFB315A0BD8E}.Release|iPhone.Deploy.0 = Release|Any CPU
		{4AC79AE2-5F12-415F-8CF7-EFB315A0BD8E}.Release|iPhoneSimulator.ActiveCfg = Release|Any CPU
		{4AC79AE2-5F12-415F-8CF7-EFB315A0BD8E}.Release|iPhoneSimulator.Build.0 = Release|Any CPU
		{4AC79AE2-5F12-415F-8CF7-EFB315A0BD8E}.Release|iPhoneSimulator.Deploy.0 = Release|Any CPU
		{B7BC22DD-653A-42AE-9B6B-E9A599E640D8}.Ad-Hoc|Any CPU.ActiveCfg = Ad-Hoc|iPhone
		{B7BC22DD-653A-42AE-9B6B-E9A599E640D8}.Ad-Hoc|Any CPU.Build.0 = Ad-Hoc|iPhone
		{B7BC22DD-653A-42AE-9B6B-E9A599E640D8}.Ad-Hoc|Any CPU.Deploy.0 = Ad-Hoc|iPhone
		{B7BC22DD-653A-42AE-9B6B-E9A599E640D8}.Ad-Hoc|iPhone.ActiveCfg = Ad-Hoc|iPhone
		{B7BC22DD-653A-42AE-9B6B-E9A599E640D8}.Ad-Hoc|iPhone.Build.0 = Ad-Hoc|iPhone
		{B7BC22DD-653A-42AE-9B6B-E9A599E640D8}.Ad-Hoc|iPhone.Deploy.0 = Ad-Hoc|iPhone
		{B7BC22DD-653A-42AE-9B6B-E9A599E640D8}.Ad-Hoc|iPhoneSimulator.ActiveCfg = Ad-Hoc|iPhoneSimulator
		{B7BC22DD-653A-42AE-9B6B-E9A599E640D8}.Ad-Hoc|iPhoneSimulator.Build.0 = Ad-Hoc|iPhoneSimulator
		{B7BC22DD-653A-42AE-9B6B-E9A599E640D8}.Ad-Hoc|iPhoneSimulator.Deploy.0 = Ad-Hoc|iPhoneSimulator
		{B7BC22DD-653A-42AE-9B6B-E9A599E640D8}.AppStore|Any CPU.ActiveCfg = AppStore|iPhone
		{B7BC22DD-653A-42AE-9B6B-E9A599E640D8}.AppStore|Any CPU.Build.0 = AppStore|iPhone
		{B7BC22DD-653A-42AE-9B6B-E9A599E640D8}.AppStore|Any CPU.Deploy.0 = AppStore|iPhone
		{B7BC22DD-653A-42AE-9B6B-E9A599E640D8}.AppStore|iPhone.ActiveCfg = AppStore|iPhone
		{B7BC22DD-653A-42AE-9B6B-E9A599E640D8}.AppStore|iPhone.Build.0 = AppStore|iPhone
		{B7BC22DD-653A-42AE-9B6B-E9A599E640D8}.AppStore|iPhone.Deploy.0 = AppStore|iPhone
		{B7BC22DD-653A-42AE-9B6B-E9A599E640D8}.AppStore|iPhoneSimulator.ActiveCfg = AppStore|iPhoneSimulator
		{B7BC22DD-653A-42AE-9B6B-E9A599E640D8}.AppStore|iPhoneSimulator.Build.0 = AppStore|iPhoneSimulator
		{B7BC22DD-653A-42AE-9B6B-E9A599E640D8}.AppStore|iPhoneSimulator.Deploy.0 = AppStore|iPhoneSimulator
		{B7BC22DD-653A-42AE-9B6B-E9A599E640D8}.Debug|Any CPU.ActiveCfg = Debug|iPhoneSimulator
		{B7BC22DD-653A-42AE-9B6B-E9A599E640D8}.Debug|Any CPU.Build.0 = Debug|iPhoneSimulator
		{B7BC22DD-653A-42AE-9B6B-E9A599E640D8}.Debug|Any CPU.Deploy.0 = Debug|iPhoneSimulator
		{B7BC22DD-653A-42AE-9B6B-E9A599E640D8}.Debug|iPhone.ActiveCfg = Debug|iPhone
		{B7BC22DD-653A-42AE-9B6B-E9A599E640D8}.Debug|iPhone.Build.0 = Debug|iPhone
		{B7BC22DD-653A-42AE-9B6B-E9A599E640D8}.Debug|iPhone.Deploy.0 = Debug|iPhone
		{B7BC22DD-653A-42AE-9B6B-E9A599E640D8}.Debug|iPhoneSimulator.ActiveCfg = Debug|iPhoneSimulator
		{B7BC22DD-653A-42AE-9B6B-E9A599E640D8}.Debug|iPhoneSimulator.Build.0 = Debug|iPhoneSimulator
		{B7BC22DD-653A-42AE-9B6B-E9A599E640D8}.Debug|iPhoneSimulator.Deploy.0 = Debug|iPhoneSimulator
		{B7BC22DD-653A-42AE-9B6B-E9A599E640D8}.Release|Any CPU.ActiveCfg = Release|iPhone
		{B7BC22DD-653A-42AE-9B6B-E9A599E640D8}.Release|Any CPU.Build.0 = Release|iPhone
		{B7BC22DD-653A-42AE-9B6B-E9A599E640D8}.Release|Any CPU.Deploy.0 = Release|iPhone
		{B7BC22DD-653A-42AE-9B6B-E9A599E640D8}.Release|iPhone.ActiveCfg = Release|iPhone
		{B7BC22DD-653A-42AE-9B6B-E9A599E640D8}.Release|iPhone.Build.0 = Release|iPhone
		{B7BC22DD-653A-42AE-9B6B-E9A599E640D8}.Release|iPhone.Deploy.0 = Release|iPhone
		{B7BC22DD-653A-42AE-9B6B-E9A599E640D8}.Release|iPhoneSimulator.ActiveCfg = Release|iPhoneSimulator
		{B7BC22DD-653A-42AE-9B6B-E9A599E640D8}.Release|iPhoneSimulator.Build.0 = Release|iPhoneSimulator
		{B7BC22DD-653A-42AE-9B6B-E9A599E640D8}.Release|iPhoneSimulator.Deploy.0 = Release|iPhoneSimulator
		{C1B7E669-591C-4F28-897D-12D67EAD8B64}.Ad-Hoc|Any CPU.ActiveCfg = Debug|Any CPU
		{C1B7E669-591C-4F28-897D-12D67EAD8B64}.Ad-Hoc|Any CPU.Build.0 = Debug|Any CPU
		{C1B7E669-591C-4F28-897D-12D67EAD8B64}.Ad-Hoc|Any CPU.Deploy.0 = Debug|Any CPU
		{C1B7E669-591C-4F28-897D-12D67EAD8B64}.Ad-Hoc|iPhone.ActiveCfg = Debug|Any CPU
		{C1B7E669-591C-4F28-897D-12D67EAD8B64}.Ad-Hoc|iPhone.Build.0 = Debug|Any CPU
		{C1B7E669-591C-4F28-897D-12D67EAD8B64}.Ad-Hoc|iPhone.Deploy.0 = Debug|Any CPU
		{C1B7E669-591C-4F28-897D-12D67EAD8B64}.Ad-Hoc|iPhoneSimulator.ActiveCfg = Debug|Any CPU
		{C1B7E669-591C-4F28-897D-12D67EAD8B64}.Ad-Hoc|iPhoneSimulator.Build.0 = Debug|Any CPU
		{C1B7E669-591C-4F28-897D-12D67EAD8B64}.Ad-Hoc|iPhoneSimulator.Deploy.0 = Debug|Any CPU
		{C1B7E669-591C-4F28-897D-12D67EAD8B64}.AppStore|Any CPU.ActiveCfg = Debug|Any CPU
		{C1B7E669-591C-4F28-897D-12D67EAD8B64}.AppStore|Any CPU.Build.0 = Debug|Any CPU
		{C1B7E669-591C-4F28-897D-12D67EAD8B64}.AppStore|Any CPU.Deploy.0 = Debug|Any CPU
		{C1B7E669-591C-4F28-897D-12D67EAD8B64}.AppStore|iPhone.ActiveCfg = Debug|Any CPU
		{C1B7E669-591C-4F28-897D-12D67EAD8B64}.AppStore|iPhone.Build.0 = Debug|Any CPU
		{C1B7E669-591C-4F28-897D-12D67EAD8B64}.AppStore|iPhone.Deploy.0 = Debug|Any CPU
		{C1B7E669-591C-4F28-897D-12D67EAD8B64}.AppStore|iPhoneSimulator.ActiveCfg = Debug|Any CPU
		{C1B7E669-591C-4F28-897D-12D67EAD8B64}.AppStore|iPhoneSimulator.Build.0 = Debug|Any CPU
		{C1B7E669-591C-4F28-897D-12D67EAD8B64}.AppStore|iPhoneSimulator.Deploy.0 = Debug|Any CPU
		{C1B7E669-591C-4F28-897D-12D67EAD8B64}.Debug|Any CPU.ActiveCfg = Debug|Any CPU
		{C1B7E669-591C-4F28-897D-12D67EAD8B64}.Debug|Any CPU.Build.0 = Debug|Any CPU
		{C1B7E669-591C-4F28-897D-12D67EAD8B64}.Debug|Any CPU.Deploy.0 = Debug|Any CPU
		{C1B7E669-591C-4F28-897D-12D67EAD8B64}.Debug|iPhone.ActiveCfg = Debug|Any CPU
		{C1B7E669-591C-4F28-897D-12D67EAD8B64}.Debug|iPhone.Build.0 = Debug|Any CPU
		{C1B7E669-591C-4F28-897D-12D67EAD8B64}.Debug|iPhone.Deploy.0 = Debug|Any CPU
		{C1B7E669-591C-4F28-897D-12D67EAD8B64}.Debug|iPhoneSimulator.ActiveCfg = Debug|Any CPU
		{C1B7E669-591C-4F28-897D-12D67EAD8B64}.Debug|iPhoneSimulator.Build.0 = Debug|Any CPU
		{C1B7E669-591C-4F28-897D-12D67EAD8B64}.Debug|iPhoneSimulator.Deploy.0 = Debug|Any CPU
		{C1B7E669-591C-4F28-897D-12D67EAD8B64}.Release|Any CPU.ActiveCfg = Release|Any CPU
		{C1B7E669-591C-4F28-897D-12D67EAD8B64}.Release|Any CPU.Build.0 = Release|Any CPU
		{C1B7E669-591C-4F28-897D-12D67EAD8B64}.Release|Any CPU.Deploy.0 = Release|Any CPU
		{C1B7E669-591C-4F28-897D-12D67EAD8B64}.Release|iPhone.ActiveCfg = Release|Any CPU
		{C1B7E669-591C-4F28-897D-12D67EAD8B64}.Release|iPhone.Build.0 = Release|Any CPU
		{C1B7E669-591C-4F28-897D-12D67EAD8B64}.Release|iPhone.Deploy.0 = Release|Any CPU
		{C1B7E669-591C-4F28-897D-12D67EAD8B64}.Release|iPhoneSimulator.ActiveCfg = Release|Any CPU
		{C1B7E669-591C-4F28-897D-12D67EAD8B64}.Release|iPhoneSimulator.Build.0 = Release|Any CPU
		{C1B7E669-591C-4F28-897D-12D67EAD8B64}.Release|iPhoneSimulator.Deploy.0 = Release|Any CPU
	EndGlobalSection
	GlobalSection(SolutionProperties) = preSolution
		HideSolutionNode = FALSE
	EndGlobalSection
	GlobalSection(ExtensibilityGlobals) = postSolution
		SolutionGuid = {4133A6EE-356E-4174-B158-5F5546147033}
	EndGlobalSection
EndGlobal
